{
  "name": "browserstack-example-smartTV-appium-java",
  "lockfileVersion": 3,
  "requires": true,
  "packages": {
    "": {
      "dependencies": {
        "@percy/appium-app": "^2.0.10-beta.0"
      }
    },
    "node_modules/@percy/appium-app": {
      "version": "2.0.10-beta.0",
      "resolved": "https://registry.npmjs.org/@percy/appium-app/-/appium-app-2.0.10-beta.0.tgz",
      "integrity": "sha512-Ipo/hCTxSTontZuAYbvPb+OVYiCt7dr0Q4cuy4mGvj+ZvPPrzRHD9Piacwi2tHMIKfhPCocuahdhnwX5dF/8dw==",
      "license": "MIT",
      "dependencies": {
        "@percy/sdk-utils": "^1.28.2",
        "tmp": "^0.2.3"
      },
      "engines": {
        "node": ">=14"
      }
    },
    "node_modules/@percy/sdk-utils": {
      "version": "1.30.8",
      "resolved": "https://registry.npmjs.org/@percy/sdk-utils/-/sdk-utils-1.30.8.tgz",
      "integrity": "sha512-NkRZk4iJs3nEaUnurFDaO1tMWofE7AszSriDZ90eCmMTjYrUUxOpvQs/35qMKT4o+qVTkeHicBGPZ8RsnY55zw==",
      "license": "MIT",
      "engines": {
        "node": ">=14"
      }
    },
    "node_modules/tmp": {
      "version": "0.2.3",
      "resolved": "https://registry.npmjs.org/tmp/-/tmp-0.2.3.tgz",
      "integrity": "sha512-nZD7m9iCPC5g0pYmcaxogYKggSfLsdxl8of3Q/oIbqCqLLIO9IAF0GWjX1z9NZRHPiXv8Wex4yDCaZsgEw0Y8w==",
      "license": "MIT",
      "engines": {
        "node": ">=14.14"
      }
    }
  }
}
